
Microsoft Visual Studio Solution File, Format Version 12.00
# Visual Studio Version 17
VisualStudioVersion = 17.5.33424.131
MinimumVisualStudioVersion = 10.0.40219.1
Project("{FAE04EC0-301F-11D3-BF4B-00C04F79EFBC}") = "DualAudioRecorder", "DualAudioRecorder\DualAudioRecorder.csproj", "{50DAC237-C342-439D-A64C-6E637FCB81F1}"
EndProject
Global
	GlobalSection(SolutionConfigurationPlatforms) = preSolution
		Debug|Any CPU = Debug|Any CPU
		Release|Any CPU = Release|Any CPU
	EndGlobalSection
	GlobalSection(ProjectConfigurationPlatforms) = postSolution
		{50DAC237-C342-439D-A64C-6E637FCB81F1}.Debug|Any CPU.ActiveCfg = Debug|Any CPU
		{50DAC237-C342-439D-A64C-6E637FCB81F1}.Debug|Any CPU.Build.0 = Debug|Any CPU
		{50DAC237-C342-439D-A64C-6E637FCB81F1}.Release|Any CPU.ActiveCfg = Release|Any CPU
		{50DAC237-C342-439D-A64C-6E637FCB81F1}.Release|Any CPU.Build.0 = Release|Any CPU
	EndGlobalSection
	GlobalSection(SolutionProperties) = preSolution
		HideSolutionNode = FALSE
	EndGlobalSection
	GlobalSection(ExtensibilityGlobals) = postSolution
		SolutionGuid = {8323907D-A3F2-41F9-B1B1-486F8B22D0A5}
	EndGlobalSection
EndGlobal
